
Microsoft Visual Studio Solution File, Format Version 12.00
# Visual Studio Version 16
VisualStudioVersion = 16.0.31229.75
MinimumVisualStudioVersion = 10.0.40219.1
Project("{9A19103F-16F7-4668-BE54-9A1E7A4F7556}") = "BlazorBugTracker", "BlazorBugTracker.csproj", "{F9F5A1DA-37A1-4C5C-91C4-A1D49B0D9429}"
EndProject
Global
	GlobalSection(SolutionConfigurationPlatforms) = preSolution
		Debug|Any CPU = Debug|Any CPU
		Release|Any CPU = Release|Any CPU
	EndGlobalSection
	GlobalSection(ProjectConfigurationPlatforms) = postSolution
		{F9F5A1DA-37A1-4C5C-91C4-A1D49B0D9429}.Debug|Any CPU.ActiveCfg = Debug|Any CPU
		{F9F5A1DA-37A1-4C5C-91C4-A1D49B0D9429}.Debug|Any CPU.Build.0 = Debug|Any CPU
		{F9F5A1DA-37A1-4C5C-91C4-A1D49B0D9429}.Release|Any CPU.ActiveCfg = Release|Any CPU
		{F9F5A1DA-37A1-4C5C-91C4-A1D49B0D9429}.Release|Any CPU.Build.0 = Release|Any CPU
	EndGlobalSection
	GlobalSection(SolutionProperties) = preSolution
		HideSolutionNode = FALSE
	EndGlobalSection
	GlobalSection(ExtensibilityGlobals) = postSolution
		SolutionGuid = {F0EE502B-941C-4341-81BE-156C79CB010D}
	EndGlobalSection
EndGlobal
